// !$*UTF8*$!
{
	archiveVersion = 1;
	classes = {
	};
	objectVersion = 55;
	objects = {

/* Begin PBXBuildFile section */
		BA1256E627649C0F00C6351C /* AppDelegate.swift in Sources */ = {isa = PBXBuildFile; fileRef = BA1256E527649C0F00C6351C /* AppDelegate.swift */; };
		BA1256E827649C0F00C6351C /* SceneDelegate.swift in Sources */ = {isa = PBXBuildFile; fileRef = BA1256E727649C0F00C6351C /* SceneDelegate.swift */; };
		BA1256EA27649C0F00C6351C /* ViewController.swift in Sources */ = {isa = PBXBuildFile; fileRef = BA1256E927649C0F00C6351C /* ViewController.swift */; };
		BA1256ED27649C0F00C6351C /* Main.storyboard in Resources */ = {isa = PBXBuildFile; fileRef = BA1256EB27649C0F00C6351C /* Main.storyboard */; };
		BA1256EF27649C0F00C6351C /* Assets.xcassets in Resources */ = {isa = PBXBuildFile; fileRef = BA1256EE27649C0F00C6351C /* Assets.xcassets */; };
		BA1256F227649C0F00C6351C /* LaunchScreen.storyboard in Resources */ = {isa = PBXBuildFile; fileRef = BA1256F027649C0F00C6351C /* LaunchScreen.storyboard */; };
		BA86E5812764B106000C25F1 /* TextFieldSampleViewController.swift in Sources */ = {isa = PBXBuildFile; fileRef = BA86E5802764B106000C25F1 /* TextFieldSampleViewController.swift */; };
		BA86E5832764BA48000C25F1 /* TextFieldSample.storyboard in Resources */ = {isa = PBXBuildFile; fileRef = BA86E5822764BA48000C25F1 /* TextFieldSample.storyboard */; };
		BADF3F912764BD0D006710CA /* RxSwiftTextField.storyboard in Resources */ = {isa = PBXBuildFile; fileRef = BADF3F902764BD0D006710CA /* RxSwiftTextField.storyboard */; };
		BADF3F932764BD26006710CA /* RxSwiftTextFieldViewController.swift in Sources */ = {isa = PBXBuildFile; fileRef = BADF3F922764BD26006710CA /* RxSwiftTextFieldViewController.swift */; };
		BADF3F972765D607006710CA /* MapSample.storyboard in Resources */ = {isa = PBXBuildFile; fileRef = BADF3F962765D607006710CA /* MapSample.storyboard */; };
		BADF3F992765D618006710CA /* MapSampleViewController.swift in Sources */ = {isa = PBXBuildFile; fileRef = BADF3F982765D618006710CA /* MapSampleViewController.swift */; };
		F8B6AD2D34905D3334ADA5FC /* Pods_SampleRxSwiftText.framework in Frameworks */ = {isa = PBXBuildFile; fileRef = 479434E66F53A3DEDBC0F33C /* Pods_SampleRxSwiftText.framework */; };
/* End PBXBuildFile section */

/* Begin PBXFileReference section */
		479434E66F53A3DEDBC0F33C /* Pods_SampleRxSwiftText.framework */ = {isa = PBXFileReference; explicitFileType = wrapper.framework; includeInIndex = 0; path = Pods_SampleRxSwiftText.framework; sourceTree = BUILT_PRODUCTS_DIR; };
		4CAAFE1E1BE1ADAE2749CCF0 /* Pods-SampleRxSwiftText.debug.xcconfig */ = {isa = PBXFileReference; includeInIndex = 1; lastKnownFileType = text.xcconfig; name = "Pods-SampleRxSwiftText.debug.xcconfig"; path = "Target Support Files/Pods-SampleRxSwiftText/Pods-SampleRxSwiftText.debug.xcconfig"; sourceTree = "<group>"; };
		BA1256E227649C0F00C6351C /* SampleRxSwiftText.app */ = {isa = PBXFileReference; explicitFileType = wrapper.application; includeInIndex = 0; path = SampleRxSwiftText.app; sourceTree = BUILT_PRODUCTS_DIR; };
		BA1256E527649C0F00C6351C /* AppDelegate.swift */ = {isa = PBXFileReference; lastKnownFileType = sourcecode.swift; path = AppDelegate.swift; sourceTree = "<group>"; };
		BA1256E727649C0F00C6351C /* SceneDelegate.swift */ = {isa = PBXFileReference; lastKnownFileType = sourcecode.swift; path = SceneDelegate.swift; sourceTree = "<group>"; };
		BA1256E927649C0F00C6351C /* ViewController.swift */ = {isa = PBXFileReference; lastKnownFileType = sourcecode.swift; path = ViewController.swift; sourceTree = "<group>"; };
		BA1256EC27649C0F00C6351C /* Base */ = {isa = PBXFileReference; lastKnownFileType = file.storyboard; name = Base; path = Base.lproj/Main.storyboard; sourceTree = "<group>"; };
		BA1256EE27649C0F00C6351C /* Assets.xcassets */ = {isa = PBXFileReference; lastKnownFileType = folder.assetcatalog; path = Assets.xcassets; sourceTree = "<group>"; };
		BA1256F127649C0F00C6351C /* Base */ = {isa = PBXFileReference; lastKnownFileType = file.storyboard; name = Base; path = Base.lproj/LaunchScreen.storyboard; sourceTree = "<group>"; };
		BA1256F327649C0F00C6351C /* Info.plist */ = {isa = PBXFileReference; lastKnownFileType = text.plist.xml; path = Info.plist; sourceTree = "<group>"; };
		BA86E5802764B106000C25F1 /* TextFieldSampleViewController.swift */ = {isa = PBXFileReference; lastKnownFileType = sourcecode.swift; path = TextFieldSampleViewController.swift; sourceTree = "<group>"; };
		BA86E5822764BA48000C25F1 /* TextFieldSample.storyboard */ = {isa = PBXFileReference; lastKnownFileType = file.storyboard; path = TextFieldSample.storyboard; sourceTree = "<group>"; };
		BADF3F902764BD0D006710CA /* RxSwiftTextField.storyboard */ = {isa = PBXFileReference; lastKnownFileType = file.storyboard; path = RxSwiftTextField.storyboard; sourceTree = "<group>"; };
		BADF3F922764BD26006710CA /* RxSwiftTextFieldViewController.swift */ = {isa = PBXFileReference; lastKnownFileType = sourcecode.swift; path = RxSwiftTextFieldViewController.swift; sourceTree = "<group>"; };
		BADF3F962765D607006710CA /* MapSample.storyboard */ = {isa = PBXFileReference; lastKnownFileType = file.storyboard; path = MapSample.storyboard; sourceTree = "<group>"; };
		BADF3F982765D618006710CA /* MapSampleViewController.swift */ = {isa = PBXFileReference; lastKnownFileType = sourcecode.swift; path = MapSampleViewController.swift; sourceTree = "<group>"; };
		E5E3BADE232B22492E7ACB72 /* Pods-SampleRxSwiftText.release.xcconfig */ = {isa = PBXFileReference; includeInIndex = 1; lastKnownFileType = text.xcconfig; name = "Pods-SampleRxSwiftText.release.xcconfig"; path = "Target Support Files/Pods-SampleRxSwiftText/Pods-SampleRxSwiftText.release.xcconfig"; sourceTree = "<group>"; };
/* End PBXFileReference section */

/* Begin PBXFrameworksBuildPhase section */
		BA1256DF27649C0E00C6351C /* Frameworks */ = {
			isa = PBXFrameworksBuildPhase;
			buildActionMask = 2147483647;
			files = (
				F8B6AD2D34905D3334ADA5FC /* Pods_SampleRxSwiftText.framework in Frameworks */,
			);
			runOnlyForDeploymentPostprocessing = 0;
		};
/* End PBXFrameworksBuildPhase section */

/* Begin PBXGroup section */
		70D73DACEE94A4F16EA0537F /* Frameworks */ = {
			isa = PBXGroup;
			children = (
				479434E66F53A3DEDBC0F33C /* Pods_SampleRxSwiftText.framework */,
			);
			name = Frameworks;
			sourceTree = "<group>";
		};
		BA1256D927649C0E00C6351C = {
			isa = PBXGroup;
			children = (
				BA1256E427649C0F00C6351C /* SampleRxSwiftText */,
				BA1256E327649C0F00C6351C /* Products */,
				DC8CE65AFC59025F78F5504E /* Pods */,
				70D73DACEE94A4F16EA0537F /* Frameworks */,
			);
			sourceTree = "<group>";
		};
		BA1256E327649C0F00C6351C /* Products */ = {
			isa = PBXGroup;
			children = (
				BA1256E227649C0F00C6351C /* SampleRxSwiftText.app */,
			);
			name = Products;
			sourceTree = "<group>";
		};
		BA1256E427649C0F00C6351C /* SampleRxSwiftText */ = {
			isa = PBXGroup;
			children = (
				BA1256E527649C0F00C6351C /* AppDelegate.swift */,
				BA1256E727649C0F00C6351C /* SceneDelegate.swift */,
				BADF3F8F2764BC74006710CA /* Controller */,
				BADF3F8E2764BC69006710CA /* View */,
				BA1256EE27649C0F00C6351C /* Assets.xcassets */,
				BA1256F027649C0F00C6351C /* LaunchScreen.storyboard */,
				BA1256F327649C0F00C6351C /* Info.plist */,
			);
			path = SampleRxSwiftText;
			sourceTree = "<group>";
		};
		BADF3F8E2764BC69006710CA /* View */ = {
			isa = PBXGroup;
			children = (
				BA86E5822764BA48000C25F1 /* TextFieldSample.storyboard */,
				BA1256EB27649C0F00C6351C /* Main.storyboard */,
				BADF3F902764BD0D006710CA /* RxSwiftTextField.storyboard */,
				BADF3F962765D607006710CA /* MapSample.storyboard */,
			);
			path = View;
			sourceTree = "<group>";
		};
		BADF3F8F2764BC74006710CA /* Controller */ = {
			isa = PBXGroup;
			children = (
				BA86E5802764B106000C25F1 /* TextFieldSampleViewController.swift */,
				BA1256E927649C0F00C6351C /* ViewController.swift */,
				BADF3F922764BD26006710CA /* RxSwiftTextFieldViewController.swift */,
				BADF3F982765D618006710CA /* MapSampleViewController.swift */,
			);
			path = Controller;
			sourceTree = "<group>";
		};
		DC8CE65AFC59025F78F5504E /* Pods */ = {
			isa = PBXGroup;
			children = (
				4CAAFE1E1BE1ADAE2749CCF0 /* Pods-SampleRxSwiftText.debug.xcconfig */,
				E5E3BADE232B22492E7ACB72 /* Pods-SampleRxSwiftText.release.xcconfig */,
			);
			path = Pods;
			sourceTree = "<group>";
		};
/* End PBXGroup section */

/* Begin PBXNativeTarget section */
		BA1256E127649C0E00C6351C /* SampleRxSwiftText */ = {
			isa = PBXNativeTarget;
			buildConfigurationList = BA1256F627649C0F00C6351C /* Build configuration list for PBXNativeTarget "SampleRxSwiftText" */;
			buildPhases = (
				633214E7DC2CE89ABE0D8A12 /* [CP] Check Pods Manifest.lock */,
				BA1256DE27649C0E00C6351C /* Sources */,
				BA1256DF27649C0E00C6351C /* Frameworks */,
				BA1256E027649C0E00C6351C /* Resources */,
				5E336088B3A1DFA6370683FF /* [CP] Embed Pods Frameworks */,
			);
			buildRules = (
			);
			dependencies = (
			);
			name = SampleRxSwiftText;
			productName = SampleRxSwiftText;
			productReference = BA1256E227649C0F00C6351C /* SampleRxSwiftText.app */;
			productType = "com.apple.product-type.application";
		};
/* End PBXNativeTarget section */

/* Begin PBXProject section */
		BA1256DA27649C0E00C6351C /* Project object */ = {
			isa = PBXProject;
			attributes = {
				BuildIndependentTargetsInParallel = 1;
				LastSwiftUpdateCheck = 1310;
				LastUpgradeCheck = 1310;
				TargetAttributes = {
					BA1256E127649C0E00C6351C = {
						CreatedOnToolsVersion = 13.1;
					};
				};
			};
			buildConfigurationList = BA1256DD27649C0E00C6351C /* Build configuration list for PBXProject "SampleRxSwiftText" */;
			compatibilityVersion = "Xcode 13.0";
			developmentRegion = en;
			hasScannedForEncodings = 0;
			knownRegions = (
				en,
				Base,
			);
			mainGroup = BA1256D927649C0E00C6351C;
			productRefGroup = BA1256E327649C0F00C6351C /* Products */;
			projectDirPath = "";
			projectRoot = "";
			targets = (
				BA1256E127649C0E00C6351C /* SampleRxSwiftText */,
			);
		};
/* End PBXProject section */

/* Begin PBXResourcesBuildPhase section */
		BA1256E027649C0E00C6351C /* Resources */ = {
			isa = PBXResourcesBuildPhase;
			buildActionMask = 2147483647;
			files = (
				BADF3F912764BD0D006710CA /* RxSwiftTextField.storyboard in Resources */,
				BA86E5832764BA48000C25F1 /* TextFieldSample.storyboard in Resources */,
				BA1256F227649C0F00C6351C /* LaunchScreen.storyboard in Resources */,
				BA1256EF27649C0F00C6351C /* Assets.xcassets in Resources */,
				BA1256ED27649C0F00C6351C /* Main.storyboard in Resources */,
				BADF3F972765D607006710CA /* MapSample.storyboard in Resources */,
			);
			runOnlyForDeploymentPostprocessing = 0;
		};
/* End PBXResourcesBuildPhase section */

/* Begin PBXShellScriptBuildPhase section */
		5E336088B3A1DFA6370683FF /* [CP] Embed Pods Frameworks */ = {
			isa = PBXShellScriptBuildPhase;
			buildActionMask = 2147483647;
			files = (
			);
			inputFileListPaths = (
				"${PODS_ROOT}/Target Support Files/Pods-SampleRxSwiftText/Pods-SampleRxSwiftText-frameworks-${CONFIGURATION}-input-files.xcfilelist",
			);
			name = "[CP] Embed Pods Frameworks";
			outputFileListPaths = (
				"${PODS_ROOT}/Target Support Files/Pods-SampleRxSwiftText/Pods-SampleRxSwiftText-frameworks-${CONFIGURATION}-output-files.xcfilelist",
			);
			runOnlyForDeploymentPostprocessing = 0;
			shellPath = /bin/sh;
			shellScript = "\"${PODS_ROOT}/Target Support Files/Pods-SampleRxSwiftText/Pods-SampleRxSwiftText-frameworks.sh\"\n";
			showEnvVarsInLog = 0;
		};
		633214E7DC2CE89ABE0D8A12 /* [CP] Check Pods Manifest.lock */ = {
			isa = PBXShellScriptBuildPhase;
			buildActionMask = 2147483647;
			files = (
			);
			inputFileListPaths = (
			);
			inputPaths = (
				"${PODS_PODFILE_DIR_PATH}/Podfile.lock",
				"${PODS_ROOT}/Manifest.lock",
			);
			name = "[CP] Check Pods Manifest.lock";
			outputFileListPaths = (
			);
			outputPaths = (
				"$(DERIVED_FILE_DIR)/Pods-SampleRxSwiftText-checkManifestLockResult.txt",
			);
			runOnlyForDeploymentPostprocessing = 0;
			shellPath = /bin/sh;
			shellScript = "diff \"${PODS_PODFILE_DIR_PATH}/Podfile.lock\" \"${PODS_ROOT}/Manifest.lock\" > /dev/null\nif [ $? != 0 ] ; then\n    # print error to STDERR\n    echo \"error: The sandbox is not in sync with the Podfile.lock. Run 'pod install' or update your CocoaPods installation.\" >&2\n    exit 1\nfi\n# This output is used by Xcode 'outputs' to avoid re-running this script phase.\necho \"SUCCESS\" > \"${SCRIPT_OUTPUT_FILE_0}\"\n";
			showEnvVarsInLog = 0;
		};
/* End PBXShellScriptBuildPhase section */

/* Begin PBXSourcesBuildPhase section */
		BA1256DE27649C0E00C6351C /* Sources */ = {
			isa = PBXSourcesBuildPhase;
			buildActionMask = 2147483647;
			files = (
				BA86E5812764B106000C25F1 /* TextFieldSampleViewController.swift in Sources */,
				BA1256EA27649C0F00C6351C /* ViewController.swift in Sources */,
				BADF3F932764BD26006710CA /* RxSwiftTextFieldViewController.swift in Sources */,
				BADF3F992765D618006710CA /* MapSampleViewController.swift in Sources */,
				BA1256E627649C0F00C6351C /* AppDelegate.swift in Sources */,
				BA1256E827649C0F00C6351C /* SceneDelegate.swift in Sources */,
			);
			runOnlyForDeploymentPostprocessing = 0;
		};
/* End PBXSourcesBuildPhase section */

/* Begin PBXVariantGroup section */
		BA1256EB27649C0F00C6351C /* Main.storyboard */ = {
			isa = PBXVariantGroup;
			children = (
				BA1256EC27649C0F00C6351C /* Base */,
			);
			name = Main.storyboard;
			sourceTree = "<group>";
		};
		BA1256F027649C0F00C6351C /* LaunchScreen.storyboard */ = {
			isa = PBXVariantGroup;
			children = (
				BA1256F127649C0F00C6351C /* Base */,
			);
			name = LaunchScreen.storyboard;
			sourceTree = "<group>";
		};
/* End PBXVariantGroup section */

/* Begin XCBuildConfiguration section */
		BA1256F427649C0F00C6351C /* Debug */ = {
			isa = XCBuildConfiguration;
			buildSettings = {
				ALWAYS_SEARCH_USER_PATHS = NO;
				CLANG_ANALYZER_NONNULL = YES;
				CLANG_ANALYZER_NUMBER_OBJECT_CONVERSION = YES_AGGRESSIVE;
				CLANG_CXX_LANGUAGE_STANDARD = "gnu++17";
				CLANG_CXX_LIBRARY = "libc++";
				CLANG_ENABLE_MODULES = YES;
				CLANG_ENABLE_OBJC_ARC = YES;
				CLANG_ENABLE_OBJC_WEAK = YES;
				CLANG_WARN_BLOCK_CAPTURE_AUTORELEASING = YES;
				CLANG_WARN_BOOL_CONVERSION = YES;
				CLANG_WARN_COMMA = YES;
				CLANG_WARN_CONSTANT_CONVERSION = YES;
				CLANG_WARN_DEPRECATED_OBJC_IMPLEMENTATIONS = YES;
				CLANG_WARN_DIRECT_OBJC_ISA_USAGE = YES_ERROR;
				CLANG_WARN_DOCUMENTATION_COMMENTS = YES;
				CLANG_WARN_EMPTY_BODY = YES;
				CLANG_WARN_ENUM_CONVERSION = YES;
				CLANG_WARN_INFINITE_RECURSION = YES;
				CLANG_WARN_INT_CONVERSION = YES;
				CLANG_WARN_NON_LITERAL_NULL_CONVERSION = YES;
				CLANG_WARN_OBJC_IMPLICIT_RETAIN_SELF = YES;
				CLANG_WARN_OBJC_LITERAL_CONVERSION = YES;
				CLANG_WARN_OBJC_ROOT_CLASS = YES_ERROR;
				CLANG_WARN_QUOTED_INCLUDE_IN_FRAMEWORK_HEADER = YES;
				CLANG_WARN_RANGE_LOOP_ANALYSIS = YES;
				CLANG_WARN_STRICT_PROTOTYPES = YES;
				CLANG_WARN_SUSPICIOUS_MOVE = YES;
				CLANG_WARN_UNGUARDED_AVAILABILITY = YES_AGGRESSIVE;
				CLANG_WARN_UNREACHABLE_CODE = YES;
				CLANG_WARN__DUPLICATE_METHOD_MATCH = YES;
				COPY_PHASE_STRIP = NO;
				DEBUG_INFORMATION_FORMAT = dwarf;
				ENABLE_STRICT_OBJC_MSGSEND = YES;
				ENABLE_TESTABILITY = YES;
				GCC_C_LANGUAGE_STANDARD = gnu11;
				GCC_DYNAMIC_NO_PIC = NO;
				GCC_NO_COMMON_BLOCKS = YES;
				GCC_OPTIMIZATION_LEVEL = 0;
				GCC_PREPROCESSOR_DEFINITIONS = (
					"DEBUG=1",
					"$(inherited)",
				);
				GCC_WARN_64_TO_32_BIT_CONVERSION = YES;
				GCC_WARN_ABOUT_RETURN_TYPE = YES_ERROR;
				GCC_WARN_UNDECLARED_SELECTOR = YES;
				GCC_WARN_UNINITIALIZED_AUTOS = YES_AGGRESSIVE;
				GCC_WARN_UNUSED_FUNCTION = YES;
				GCC_WARN_UNUSED_VARIABLE = YES;
				IPHONEOS_DEPLOYMENT_TARGET = 15.0;
				MTL_ENABLE_DEBUG_INFO = INCLUDE_SOURCE;
				MTL_FAST_MATH = YES;
				ONLY_ACTIVE_ARCH = YES;
				SDKROOT = iphoneos;
				SWIFT_ACTIVE_COMPILATION_CONDITIONS = DEBUG;
				SWIFT_OPTIMIZATION_LEVEL = "-Onone";
			};
			name = Debug;
		};
		BA1256F527649C0F00C6351C /* Release */ = {
			isa = XCBuildConfiguration;
			buildSettings = {
				ALWAYS_SEARCH_USER_PATHS = NO;
				CLANG_ANALYZER_NONNULL = YES;
				CLANG_ANALYZER_NUMBER_OBJECT_CONVERSION = YES_AGGRESSIVE;
				CLANG_CXX_LANGUAGE_STANDARD = "gnu++17";
				CLANG_CXX_LIBRARY = "libc++";
				CLANG_ENABLE_MODULES = YES;
				CLANG_ENABLE_OBJC_ARC = YES;
				CLANG_ENABLE_OBJC_WEAK = YES;
				CLANG_WARN_BLOCK_CAPTURE_AUTORELEASING = YES;
				CLANG_WARN_BOOL_CONVERSION = YES;
				CLANG_WARN_COMMA = YES;
				CLANG_WARN_CONSTANT_CONVERSION = YES;
				CLANG_WARN_DEPRECATED_OBJC_IMPLEMENTATIONS = YES;
				CLANG_WARN_DIRECT_OBJC_ISA_USAGE = YES_ERROR;
				CLANG_WARN_DOCUMENTATION_COMMENTS = YES;
				CLANG_WARN_EMPTY_BODY = YES;
				CLANG_WARN_ENUM_CONVERSION = YES;
				CLANG_WARN_INFINITE_RECURSION = YES;
				CLANG_WARN_INT_CONVERSION = YES;
				CLANG_WARN_NON_LITERAL_NULL_CONVERSION = YES;
				CLANG_WARN_OBJC_IMPLICIT_RETAIN_SELF = YES;
				CLANG_WARN_OBJC_LITERAL_CONVERSION = YES;
				CLANG_WARN_OBJC_ROOT_CLASS = YES_ERROR;
				CLANG_WARN_QUOTED_INCLUDE_IN_FRAMEWORK_HEADER = YES;
				CLANG_WARN_RANGE_LOOP_ANALYSIS = YES;
				CLANG_WARN_STRICT_PROTOTYPES = YES;
				CLANG_WARN_SUSPICIOUS_MOVE = YES;
				CLANG_WARN_UNGUARDED_AVAILABILITY = YES_AGGRESSIVE;
				CLANG_WARN_UNREACHABLE_CODE = YES;
				CLANG_WARN__DUPLICATE_METHOD_MATCH = YES;
				COPY_PHASE_STRIP = NO;
				DEBUG_INFORMATION_FORMAT = "dwarf-with-dsym";
				ENABLE_NS_ASSERTIONS = NO;
				ENABLE_STRICT_OBJC_MSGSEND = YES;
				GCC_C_LANGUAGE_STANDARD = gnu11;
				GCC_NO_COMMON_BLOCKS = YES;
				GCC_WARN_64_TO_32_BIT_CONVERSION = YES;
				GCC_WARN_ABOUT_RETURN_TYPE = YES_ERROR;
				GCC_WARN_UNDECLARED_SELECTOR = YES;
				GCC_WARN_UNINITIALIZED_AUTOS = YES_AGGRESSIVE;
				GCC_WARN_UNUSED_FUNCTION = YES;
				GCC_WARN_UNUSED_VARIABLE = YES;
				IPHONEOS_DEPLOYMENT_TARGET = 15.0;
				MTL_ENABLE_DEBUG_INFO = NO;
				MTL_FAST_MATH = YES;
				SDKROOT = iphoneos;
				SWIFT_COMPILATION_MODE = wholemodule;
				SWIFT_OPTIMIZATION_LEVEL = "-O";
				VALIDATE_PRODUCT = YES;
			};
			name = Release;
		};
		BA1256F727649C0F00C6351C /* Debug */ = {
			isa = XCBuildConfiguration;
			baseConfigurationReference = 4CAAFE1E1BE1ADAE2749CCF0 /* Pods-SampleRxSwiftText.debug.xcconfig */;
			buildSettings = {
				ASSETCATALOG_COMPILER_APPICON_NAME = AppIcon;
				ASSETCATALOG_COMPILER_GLOBAL_ACCENT_COLOR_NAME = AccentColor;
				CODE_SIGN_STYLE = Automatic;
				CURRENT_PROJECT_VERSION = 1;
				GENERATE_INFOPLIST_FILE = YES;
				INFOPLIST_FILE = SampleRxSwiftText/Info.plist;
				INFOPLIST_KEY_UIApplicationSupportsIndirectInputEvents = YES;
				INFOPLIST_KEY_UILaunchStoryboardName = LaunchScreen;
				INFOPLIST_KEY_UIMainStoryboardFile = Main;
				INFOPLIST_KEY_UISupportedInterfaceOrientations_iPad = "UIInterfaceOrientationPortrait UIInterfaceOrientationPortraitUpsideDown UIInterfaceOrientationLandscapeLeft UIInterfaceOrientationLandscapeRight";
				INFOPLIST_KEY_UISupportedInterfaceOrientations_iPhone = "UIInterfaceOrientationPortrait UIInterfaceOrientationLandscapeLeft UIInterfaceOrientationLandscapeRight";
				LD_RUNPATH_SEARCH_PATHS = (
					"$(inherited)",
					"@executable_path/Frameworks",
				);
				MARKETING_VERSION = 1.0;
				PRODUCT_BUNDLE_IDENTIFIER = com.shouhei.SampleRxSwiftText;
				PRODUCT_NAME = "$(TARGET_NAME)";
				SWIFT_EMIT_LOC_STRINGS = YES;
				SWIFT_VERSION = 5.0;
				TARGETED_DEVICE_FAMILY = "1,2";
			};
			name = Debug;
		};
		BA1256F827649C0F00C6351C /* Release */ = {
			isa = XCBuildConfiguration;
			baseConfigurationReference = E5E3BADE232B22492E7ACB72 /* Pods-SampleRxSwiftText.release.xcconfig */;
			buildSettings = {
				ASSETCATALOG_COMPILER_APPICON_NAME = AppIcon;
				ASSETCATALOG_COMPILER_GLOBAL_ACCENT_COLOR_NAME = AccentColor;
				CODE_SIGN_STYLE = Automatic;
				CURRENT_PROJECT_VERSION = 1;
				GENERATE_INFOPLIST_FILE = YES;
				INFOPLIST_FILE = SampleRxSwiftText/Info.plist;
				INFOPLIST_KEY_UIApplicationSupportsIndirectInputEvents = YES;
				INFOPLIST_KEY_UILaunchStoryboardName = LaunchScreen;
				INFOPLIST_KEY_UIMainStoryboardFile = Main;
				INFOPLIST_KEY_UISupportedInterfaceOrientations_iPad = "UIInterfaceOrientationPortrait UIInterfaceOrientationPortraitUpsideDown UIInterfaceOrientationLandscapeLeft UIInterfaceOrientationLandscapeRight";
				INFOPLIST_KEY_UISupportedInterfaceOrientations_iPhone = "UIInterfaceOrientationPortrait UIInterfaceOrientationLandscapeLeft UIInterfaceOrientationLandscapeRight";
				LD_RUNPATH_SEARCH_PATHS = (
					"$(inherited)",
					"@executable_path/Frameworks",
				);
				MARKETING_VERSION = 1.0;
				PRODUCT_BUNDLE_IDENTIFIER = com.shouhei.SampleRxSwiftText;
				PRODUCT_NAME = "$(TARGET_NAME)";
				SWIFT_EMIT_LOC_STRINGS = YES;
				SWIFT_VERSION = 5.0;
				TARGETED_DEVICE_FAMILY = "1,2";
			};
			name = Release;
		};
/* End XCBuildConfiguration section */

/* Begin XCConfigurationList section */
		BA1256DD27649C0E00C6351C /* Build configuration list for PBXProject "SampleRxSwiftText" */ = {
			isa = XCConfigurationList;
			buildConfigurations = (
				BA1256F427649C0F00C6351C /* Debug */,
				BA1256F527649C0F00C6351C /* Release */,
			);
			defaultConfigurationIsVisible = 0;
			defaultConfigurationName = Release;
		};
		BA1256F627649C0F00C6351C /* Build configuration list for PBXNativeTarget "SampleRxSwiftText" */ = {
			isa = XCConfigurationList;
			buildConfigurations = (
				BA1256F727649C0F00C6351C /* Debug */,
				BA1256F827649C0F00C6351C /* Release */,
			);
			defaultConfigurationIsVisible = 0;
			defaultConfigurationName = Release;
		};
/* End XCConfigurationList section */
	};
	rootObject = BA1256DA27649C0E00C6351C /* Project object */;
}
